
Microsoft Visual Studio Solution File, Format Version 12.00
# Visual Studio Version 17
VisualStudioVersion = 17.7.34031.279
MinimumVisualStudioVersion = 10.0.40219.1
Project("{FAE04EC0-301F-11D3-BF4B-00C04F79EFBC}") = "Agency.MVC", "Agency.MVC\Agency.MVC.csproj", "{6C8CF9A5-B35F-4CFB-B4BB-697147D4B8D5}"
EndProject
Project("{FAE04EC0-301F-11D3-BF4B-00C04F79EFBC}") = "Agency.Data", "Agency.Data\Agency.Data.csproj", "{154542FD-255A-49F4-BC1D-ACCED66E0E8D}"
EndProject
Project("{FAE04EC0-301F-11D3-BF4B-00C04F79EFBC}") = "Agency.Core", "Agency.Core\Agency.Core.csproj", "{153FE96C-E514-472A-A46F-044314CC3BD4}"
EndProject
Project("{FAE04EC0-301F-11D3-BF4B-00C04F79EFBC}") = "Agency.Business", "Agency.Business\Agency.Business.csproj", "{DC96DDFD-6BF2-4476-8A46-6708D48E7AD4}"
EndProject
Global
	GlobalSection(SolutionConfigurationPlatforms) = preSolution
		Debug|Any CPU = Debug|Any CPU
		Release|Any CPU = Release|Any CPU
	EndGlobalSection
	GlobalSection(ProjectConfigurationPlatforms) = postSolution
		{6C8CF9A5-B35F-4CFB-B4BB-697147D4B8D5}.Debug|Any CPU.ActiveCfg = Debug|Any CPU
		{6C8CF9A5-B35F-4CFB-B4BB-697147D4B8D5}.Debug|Any CPU.Build.0 = Debug|Any CPU
		{6C8CF9A5-B35F-4CFB-B4BB-697147D4B8D5}.Release|Any CPU.ActiveCfg = Release|Any CPU
		{6C8CF9A5-B35F-4CFB-B4BB-697147D4B8D5}.Release|Any CPU.Build.0 = Release|Any CPU
		{154542FD-255A-49F4-BC1D-ACCED66E0E8D}.Debug|Any CPU.ActiveCfg = Debug|Any CPU
		{154542FD-255A-49F4-BC1D-ACCED66E0E8D}.Debug|Any CPU.Build.0 = Debug|Any CPU
		{154542FD-255A-49F4-BC1D-ACCED66E0E8D}.Release|Any CPU.ActiveCfg = Release|Any CPU
		{154542FD-255A-49F4-BC1D-ACCED66E0E8D}.Release|Any CPU.Build.0 = Release|Any CPU
		{153FE96C-E514-472A-A46F-044314CC3BD4}.Debug|Any CPU.ActiveCfg = Debug|Any CPU
		{153FE96C-E514-472A-A46F-044314CC3BD4}.Debug|Any CPU.Build.0 = Debug|Any CPU
		{153FE96C-E514-472A-A46F-044314CC3BD4}.Release|Any CPU.ActiveCfg = Release|Any CPU
		{153FE96C-E514-472A-A46F-044314CC3BD4}.Release|Any CPU.Build.0 = Release|Any CPU
		{DC96DDFD-6BF2-4476-8A46-6708D48E7AD4}.Debug|Any CPU.ActiveCfg = Debug|Any CPU
		{DC96DDFD-6BF2-4476-8A46-6708D48E7AD4}.Debug|Any CPU.Build.0 = Debug|Any CPU
		{DC96DDFD-6BF2-4476-8A46-6708D48E7AD4}.Release|Any CPU.ActiveCfg = Release|Any CPU
		{DC96DDFD-6BF2-4476-8A46-6708D48E7AD4}.Release|Any CPU.Build.0 = Release|Any CPU
	EndGlobalSection
	GlobalSection(SolutionProperties) = preSolution
		HideSolutionNode = FALSE
	EndGlobalSection
	GlobalSection(ExtensibilityGlobals) = postSolution
		SolutionGuid = {16334A5D-CAEB-4F8C-941E-3BAB1AFBAD50}
	EndGlobalSection
EndGlobal
